Microsoft Visual Studio Solution File, Format Version 12.00
# Visual Studio Version 17
VisualStudioVersion = 17.5.2.0
MinimumVisualStudioVersion = 10.0.40219.1
Project("{FAE04EC0-301F-11D3-BF4B-00C04F79EFBC}") = "WebPubSubTest", "WebPubSubTest.csproj", "{0A31528A-F296-CA10-CB1F-1BE07281DB3D}"
EndProject
Global
	GlobalSection(SolutionConfigurationPlatforms) = preSolution
		Debug|Any CPU = Debug|Any CPU
		Release|Any CPU = Release|Any CPU
	EndGlobalSection
	GlobalSection(ProjectConfigurationPlatforms) = postSolution
		{0A31528A-F296-CA10-CB1F-1BE07281DB3D}.Debug|Any CPU.ActiveCfg = Debug|Any CPU
		{0A31528A-F296-CA10-CB1F-1BE07281DB3D}.Debug|Any CPU.Build.0 = Debug|Any CPU
		{0A31528A-F296-CA10-CB1F-1BE07281DB3D}.Release|Any CPU.ActiveCfg = Release|Any CPU
		{0A31528A-F296-CA10-CB1F-1BE07281DB3D}.Release|Any CPU.Build.0 = Release|Any CPU
	EndGlobalSection
	GlobalSection(SolutionProperties) = preSolution
		HideSolutionNode = FALSE
	EndGlobalSection
	GlobalSection(ExtensibilityGlobals) = postSolution
		SolutionGuid = {D3039FA4-5C1C-4C73-89E7-58948F77EDA4}
	EndGlobalSection
EndGlobal
